// !$*UTF8*$!
{
	archiveVersion = 1;
	classes = {
	};
	objectVersion = 56;
	objects = {

/* Begin PBXBuildFile section */
		156B40032D9C17CD005745E1 /* Realm in Frameworks */ = {isa = PBXBuildFile; productRef = 156B40022D9C17CD005745E1 /* Realm */; };
		156B40052D9C17CD005745E1 /* RealmSwift in Frameworks */ = {isa = PBXBuildFile; productRef = 156B40042D9C17CD005745E1 /* RealmSwift */; };
		156B40082D9C194A005745E1 /* TaskLike.swift in Sources */ = {isa = PBXBuildFile; fileRef = 156B40072D9C194A005745E1 /* TaskLike.swift */; };
		156B400A2D9C1963005745E1 /* BlockLike.swift in Sources */ = {isa = PBXBuildFile; fileRef = 156B40092D9C1963005745E1 /* BlockLike.swift */; };
		156B400C2D9C1994005745E1 /* Task.swift in Sources */ = {isa = PBXBuildFile; fileRef = 156B400B2D9C1994005745E1 /* Task.swift */; };
		156B400E2D9C19AB005745E1 /* Block.swift in Sources */ = {isa = PBXBuildFile; fileRef = 156B400D2D9C19AB005745E1 /* Block.swift */; };
		156B40112D9C1AED005745E1 /* DataMapper.swift in Sources */ = {isa = PBXBuildFile; fileRef = 156B40102D9C1AED005745E1 /* DataMapper.swift */; };
		156B40132D9C1BD7005745E1 /* DayLike.swift in Sources */ = {isa = PBXBuildFile; fileRef = 156B40122D9C1BD7005745E1 /* DayLike.swift */; };
		156B40152D9C1BE2005745E1 /* Day.swift in Sources */ = {isa = PBXBuildFile; fileRef = 156B40142D9C1BE2005745E1 /* Day.swift */; };
		156B40172D9C1D7C005745E1 /* DayService.swift in Sources */ = {isa = PBXBuildFile; fileRef = 156B40162D9C1D7C005745E1 /* DayService.swift */; };
		156B401A2D9C1DE7005745E1 /* DayViewModel.swift in Sources */ = {isa = PBXBuildFile; fileRef = 156B40192D9C1DE7005745E1 /* DayViewModel.swift */; };
		15A034282D98D662000726BC /* BlockCreationView.swift in Sources */ = {isa = PBXBuildFile; fileRef = 15A034272D98D662000726BC /* BlockCreationView.swift */; };
		15C5B2562D999705008FD95A /* BlockWrapper.swift in Sources */ = {isa = PBXBuildFile; fileRef = 15C5B2552D999705008FD95A /* BlockWrapper.swift */; };
		15CD323A2D9B0EA900D26FE2 /* TaskObject.swift in Sources */ = {isa = PBXBuildFile; fileRef = 15CD32392D9B0EA900D26FE2 /* TaskObject.swift */; };
		15E335F82D98B7AD000444F5 /* ScaffoldApp.swift in Sources */ = {isa = PBXBuildFile; fileRef = 15E335F72D98B7AD000444F5 /* ScaffoldApp.swift */; };
		15E335FA2D98B7AD000444F5 /* ContentView.swift in Sources */ = {isa = PBXBuildFile; fileRef = 15E335F92D98B7AD000444F5 /* ContentView.swift */; };
		15E335FC2D98B7B0000444F5 /* Assets.xcassets in Resources */ = {isa = PBXBuildFile; fileRef = 15E335FB2D98B7B0000444F5 /* Assets.xcassets */; };
		15E335FF2D98B7B0000444F5 /* Preview Assets.xcassets in Resources */ = {isa = PBXBuildFile; fileRef = 15E335FE2D98B7B0000444F5 /* Preview Assets.xcassets */; };
		15E336092D98B7B0000444F5 /* ScaffoldTests.swift in Sources */ = {isa = PBXBuildFile; fileRef = 15E336082D98B7B0000444F5 /* ScaffoldTests.swift */; };
		15E336132D98B7B0000444F5 /* ScaffoldUITests.swift in Sources */ = {isa = PBXBuildFile; fileRef = 15E336122D98B7B0000444F5 /* ScaffoldUITests.swift */; };
		15E336152D98B7B0000444F5 /* ScaffoldUITestsLaunchTests.swift in Sources */ = {isa = PBXBuildFile; fileRef = 15E336142D98B7B0000444F5 /* ScaffoldUITestsLaunchTests.swift */; };
		15E336232D98B855000444F5 /* DayObject.swift in Sources */ = {isa = PBXBuildFile; fileRef = 15E336222D98B855000444F5 /* DayObject.swift */; };
		15E336252D98B8B0000444F5 /* BlockObject.swift in Sources */ = {isa = PBXBuildFile; fileRef = 15E336242D98B8B0000444F5 /* BlockObject.swift */; };
		15E336282D98BA1C000444F5 /* DayView.swift in Sources */ = {isa = PBXBuildFile; fileRef = 15E336272D98BA1C000444F5 /* DayView.swift */; };
		15E3362A2D98BA28000444F5 /* TimelineView.swift in Sources */ = {isa = PBXBuildFile; fileRef = 15E336292D98BA28000444F5 /* TimelineView.swift */; };
		15E3362D2D98BA40000444F5 /* BlockView.swift in Sources */ = {isa = PBXBuildFile; fileRef = 15E3362C2D98BA40000444F5 /* BlockView.swift */; };
		15F28AB32D9ADC2F00428ABB /* TimelineMath.swift in Sources */ = {isa = PBXBuildFile; fileRef = 15F28AB22D9ADC2F00428ABB /* TimelineMath.swift */; };
/* End PBXBuildFile section */

/* Begin PBXContainerItemProxy section */
		15E336052D98B7B0000444F5 /* PBXContainerItemProxy */ = {
			isa = PBXContainerItemProxy;
			containerPortal = 15E335EC2D98B7AD000444F5 /* Project object */;
			proxyType = 1;
			remoteGlobalIDString = 15E335F32D98B7AD000444F5;
			remoteInfo = Scaffold;
		};
		15E3360F2D98B7B0000444F5 /* PBXContainerItemProxy */ = {
			isa = PBXContainerItemProxy;
			containerPortal = 15E335EC2D98B7AD000444F5 /* Project object */;
			proxyType = 1;
			remoteGlobalIDString = 15E335F32D98B7AD000444F5;
			remoteInfo = Scaffold;
		};
/* End PBXContainerItemProxy section */

/* Begin PBXFileReference section */
		156B40072D9C194A005745E1 /* TaskLike.swift */ = {isa = PBXFileReference; lastKnownFileType = sourcecode.swift; path = TaskLike.swift; sourceTree = "<group>"; };
		156B40092D9C1963005745E1 /* BlockLike.swift */ = {isa = PBXFileReference; lastKnownFileType = sourcecode.swift; path = BlockLike.swift; sourceTree = "<group>"; };
		156B400B2D9C1994005745E1 /* Task.swift */ = {isa = PBXFileReference; lastKnownFileType = sourcecode.swift; path = Task.swift; sourceTree = "<group>"; };
		156B400D2D9C19AB005745E1 /* Block.swift */ = {isa = PBXFileReference; lastKnownFileType = sourcecode.swift; path = Block.swift; sourceTree = "<group>"; };
		156B40102D9C1AED005745E1 /* DataMapper.swift */ = {isa = PBXFileReference; lastKnownFileType = sourcecode.swift; path = DataMapper.swift; sourceTree = "<group>"; };
		156B40122D9C1BD7005745E1 /* DayLike.swift */ = {isa = PBXFileReference; lastKnownFileType = sourcecode.swift; path = DayLike.swift; sourceTree = "<group>"; };
		156B40142D9C1BE2005745E1 /* Day.swift */ = {isa = PBXFileReference; lastKnownFileType = sourcecode.swift; path = Day.swift; sourceTree = "<group>"; };
		156B40162D9C1D7C005745E1 /* DayService.swift */ = {isa = PBXFileReference; lastKnownFileType = sourcecode.swift; path = DayService.swift; sourceTree = "<group>"; };
		156B40192D9C1DE7005745E1 /* DayViewModel.swift */ = {isa = PBXFileReference; lastKnownFileType = sourcecode.swift; path = DayViewModel.swift; sourceTree = "<group>"; };
		15A034272D98D662000726BC /* BlockCreationView.swift */ = {isa = PBXFileReference; lastKnownFileType = sourcecode.swift; path = BlockCreationView.swift; sourceTree = "<group>"; };
		15C5B2552D999705008FD95A /* BlockWrapper.swift */ = {isa = PBXFileReference; lastKnownFileType = sourcecode.swift; path = BlockWrapper.swift; sourceTree = "<group>"; };
		15CD32392D9B0EA900D26FE2 /* TaskObject.swift */ = {isa = PBXFileReference; lastKnownFileType = sourcecode.swift; path = TaskObject.swift; sourceTree = "<group>"; };
		15E335F42D98B7AD000444F5 /* Scaffold.app */ = {isa = PBXFileReference; explicitFileType = wrapper.application; includeInIndex = 0; path = Scaffold.app; sourceTree = BUILT_PRODUCTS_DIR; };
		15E335F72D98B7AD000444F5 /* ScaffoldApp.swift */ = {isa = PBXFileReference; lastKnownFileType = sourcecode.swift; path = ScaffoldApp.swift; sourceTree = "<group>"; };
		15E335F92D98B7AD000444F5 /* ContentView.swift */ = {isa = PBXFileReference; lastKnownFileType = sourcecode.swift; path = ContentView.swift; sourceTree = "<group>"; };
		15E335FB2D98B7B0000444F5 /* Assets.xcassets */ = {isa = PBXFileReference; lastKnownFileType = folder.assetcatalog; path = Assets.xcassets; sourceTree = "<group>"; };
		15E335FE2D98B7B0000444F5 /* Preview Assets.xcassets */ = {isa = PBXFileReference; lastKnownFileType = folder.assetcatalog; path = "Preview Assets.xcassets"; sourceTree = "<group>"; };
		15E336042D98B7B0000444F5 /* ScaffoldTests.xctest */ = {isa = PBXFileReference; explicitFileType = wrapper.cfbundle; includeInIndex = 0; path = ScaffoldTests.xctest; sourceTree = BUILT_PRODUCTS_DIR; };
		15E336082D98B7B0000444F5 /* ScaffoldTests.swift */ = {isa = PBXFileReference; lastKnownFileType = sourcecode.swift; path = ScaffoldTests.swift; sourceTree = "<group>"; };
		15E3360E2D98B7B0000444F5 /* ScaffoldUITests.xctest */ = {isa = PBXFileReference; explicitFileType = wrapper.cfbundle; includeInIndex = 0; path = ScaffoldUITests.xctest; sourceTree = BUILT_PRODUCTS_DIR; };
		15E336122D98B7B0000444F5 /* ScaffoldUITests.swift */ = {isa = PBXFileReference; lastKnownFileType = sourcecode.swift; path = ScaffoldUITests.swift; sourceTree = "<group>"; };
		15E336142D98B7B0000444F5 /* ScaffoldUITestsLaunchTests.swift */ = {isa = PBXFileReference; lastKnownFileType = sourcecode.swift; path = ScaffoldUITestsLaunchTests.swift; sourceTree = "<group>"; };
		15E336222D98B855000444F5 /* DayObject.swift */ = {isa = PBXFileReference; lastKnownFileType = sourcecode.swift; path = DayObject.swift; sourceTree = "<group>"; };
		15E336242D98B8B0000444F5 /* BlockObject.swift */ = {isa = PBXFileReference; lastKnownFileType = sourcecode.swift; path = BlockObject.swift; sourceTree = "<group>"; };
		15E336272D98BA1C000444F5 /* DayView.swift */ = {isa = PBXFileReference; lastKnownFileType = sourcecode.swift; path = DayView.swift; sourceTree = "<group>"; };
		15E336292D98BA28000444F5 /* TimelineView.swift */ = {isa = PBXFileReference; lastKnownFileType = sourcecode.swift; path = TimelineView.swift; sourceTree = "<group>"; };
		15E3362C2D98BA40000444F5 /* BlockView.swift */ = {isa = PBXFileReference; lastKnownFileType = sourcecode.swift; path = BlockView.swift; sourceTree = "<group>"; };
		15F28AB22D9ADC2F00428ABB /* TimelineMath.swift */ = {isa = PBXFileReference; lastKnownFileType = sourcecode.swift; path = TimelineMath.swift; sourceTree = "<group>"; };
/* End PBXFileReference section */

/* Begin PBXFrameworksBuildPhase section */
		15E335F12D98B7AD000444F5 /* Frameworks */ = {
			isa = PBXFrameworksBuildPhase;
			buildActionMask = 2147483647;
			files = (
				156B40052D9C17CD005745E1 /* RealmSwift in Frameworks */,
				156B40032D9C17CD005745E1 /* Realm in Frameworks */,
			);
			runOnlyForDeploymentPostprocessing = 0;
		};
		15E336012D98B7B0000444F5 /* Frameworks */ = {
			isa = PBXFrameworksBuildPhase;
			buildActionMask = 2147483647;
			files = (
			);
			runOnlyForDeploymentPostprocessing = 0;
		};
		15E3360B2D98B7B0000444F5 /* Frameworks */ = {
			isa = PBXFrameworksBuildPhase;
			buildActionMask = 2147483647;
			files = (
			);
			runOnlyForDeploymentPostprocessing = 0;
		};
/* End PBXFrameworksBuildPhase section */

/* Begin PBXGroup section */
		156B40062D9C191E005745E1 /* Protocols */ = {
			isa = PBXGroup;
			children = (
				156B40072D9C194A005745E1 /* TaskLike.swift */,
				156B40092D9C1963005745E1 /* BlockLike.swift */,
				156B400B2D9C1994005745E1 /* Task.swift */,
				156B400D2D9C19AB005745E1 /* Block.swift */,
				156B40122D9C1BD7005745E1 /* DayLike.swift */,
				156B40142D9C1BE2005745E1 /* Day.swift */,
			);
			path = Protocols;
			sourceTree = "<group>";
		};
		156B400F2D9C1AE3005745E1 /* Services */ = {
			isa = PBXGroup;
			children = (
				156B40102D9C1AED005745E1 /* DataMapper.swift */,
				156B40162D9C1D7C005745E1 /* DayService.swift */,
			);
			path = Services;
			sourceTree = "<group>";
		};
		156B40182D9C1DD3005745E1 /* ViewModels */ = {
			isa = PBXGroup;
			children = (
				156B40192D9C1DE7005745E1 /* DayViewModel.swift */,
			);
			path = ViewModels;
			sourceTree = "<group>";
		};
		15E335EB2D98B7AD000444F5 = {
			isa = PBXGroup;
			children = (
				15E335F62D98B7AD000444F5 /* Scaffold */,
				15E336072D98B7B0000444F5 /* ScaffoldTests */,
				15E336112D98B7B0000444F5 /* ScaffoldUITests */,
				15E335F52D98B7AD000444F5 /* Products */,
			);
			sourceTree = "<group>";
		};
		15E335F52D98B7AD000444F5 /* Products */ = {
			isa = PBXGroup;
			children = (
				15E335F42D98B7AD000444F5 /* Scaffold.app */,
				15E336042D98B7B0000444F5 /* ScaffoldTests.xctest */,
				15E3360E2D98B7B0000444F5 /* ScaffoldUITests.xctest */,
			);
			name = Products;
			sourceTree = "<group>";
		};
		15E335F62D98B7AD000444F5 /* Scaffold */ = {
			isa = PBXGroup;
			children = (
				156B40182D9C1DD3005745E1 /* ViewModels */,
				156B400F2D9C1AE3005745E1 /* Services */,
				156B40062D9C191E005745E1 /* Protocols */,
				15F28AB12D9ADC2300428ABB /* Utils */,
				15E336262D98BA12000444F5 /* Views */,
				15E336212D98B827000444F5 /* Models */,
				15E335F72D98B7AD000444F5 /* ScaffoldApp.swift */,
				15E335F92D98B7AD000444F5 /* ContentView.swift */,
				15E335FB2D98B7B0000444F5 /* Assets.xcassets */,
				15E335FD2D98B7B0000444F5 /* Preview Content */,
			);
			path = Scaffold;
			sourceTree = "<group>";
		};
		15E335FD2D98B7B0000444F5 /* Preview Content */ = {
			isa = PBXGroup;
			children = (
				15E335FE2D98B7B0000444F5 /* Preview Assets.xcassets */,
			);
			path = "Preview Content";
			sourceTree = "<group>";
		};
		15E336072D98B7B0000444F5 /* ScaffoldTests */ = {
			isa = PBXGroup;
			children = (
				15E336082D98B7B0000444F5 /* ScaffoldTests.swift */,
			);
			path = ScaffoldTests;
			sourceTree = "<group>";
		};
		15E336112D98B7B0000444F5 /* ScaffoldUITests */ = {
			isa = PBXGroup;
			children = (
				15E336122D98B7B0000444F5 /* ScaffoldUITests.swift */,
				15E336142D98B7B0000444F5 /* ScaffoldUITestsLaunchTests.swift */,
			);
			path = ScaffoldUITests;
			sourceTree = "<group>";
		};
		15E336212D98B827000444F5 /* Models */ = {
			isa = PBXGroup;
			children = (
				15E336222D98B855000444F5 /* DayObject.swift */,
				15E336242D98B8B0000444F5 /* BlockObject.swift */,
				15C5B2552D999705008FD95A /* BlockWrapper.swift */,
				15CD32392D9B0EA900D26FE2 /* TaskObject.swift */,
			);
			path = Models;
			sourceTree = "<group>";
		};
		15E336262D98BA12000444F5 /* Views */ = {
			isa = PBXGroup;
			children = (
				15E336272D98BA1C000444F5 /* DayView.swift */,
				15E336292D98BA28000444F5 /* TimelineView.swift */,
				15E3362C2D98BA40000444F5 /* BlockView.swift */,
				15A034272D98D662000726BC /* BlockCreationView.swift */,
			);
			path = Views;
			sourceTree = "<group>";
		};
		15F28AB12D9ADC2300428ABB /* Utils */ = {
			isa = PBXGroup;
			children = (
				15F28AB22D9ADC2F00428ABB /* TimelineMath.swift */,
			);
			path = Utils;
			sourceTree = "<group>";
		};
/* End PBXGroup section */

/* Begin PBXNativeTarget section */
		15E335F32D98B7AD000444F5 /* Scaffold */ = {
			isa = PBXNativeTarget;
			buildConfigurationList = 15E336182D98B7B0000444F5 /* Build configuration list for PBXNativeTarget "Scaffold" */;
			buildPhases = (
				15E335F02D98B7AD000444F5 /* Sources */,
				15E335F12D98B7AD000444F5 /* Frameworks */,
				15E335F22D98B7AD000444F5 /* Resources */,
			);
			buildRules = (
			);
			dependencies = (
			);
			name = Scaffold;
			packageProductDependencies = (
				156B40022D9C17CD005745E1 /* Realm */,
				156B40042D9C17CD005745E1 /* RealmSwift */,
			);
			productName = Scaffold;
			productReference = 15E335F42D98B7AD000444F5 /* Scaffold.app */;
			productType = "com.apple.product-type.application";
		};
		15E336032D98B7B0000444F5 /* ScaffoldTests */ = {
			isa = PBXNativeTarget;
			buildConfigurationList = 15E3361B2D98B7B0000444F5 /* Build configuration list for PBXNativeTarget "ScaffoldTests" */;
			buildPhases = (
				15E336002D98B7B0000444F5 /* Sources */,
				15E336012D98B7B0000444F5 /* Frameworks */,
				15E336022D98B7B0000444F5 /* Resources */,
			);
			buildRules = (
			);
			dependencies = (
				15E336062D98B7B0000444F5 /* PBXTargetDependency */,
			);
			name = ScaffoldTests;
			productName = ScaffoldTests;
			productReference = 15E336042D98B7B0000444F5 /* ScaffoldTests.xctest */;
			productType = "com.apple.product-type.bundle.unit-test";
		};
		15E3360D2D98B7B0000444F5 /* ScaffoldUITests */ = {
			isa = PBXNativeTarget;
			buildConfigurationList = 15E3361E2D98B7B0000444F5 /* Build configuration list for PBXNativeTarget "ScaffoldUITests" */;
			buildPhases = (
				15E3360A2D98B7B0000444F5 /* Sources */,
				15E3360B2D98B7B0000444F5 /* Frameworks */,
				15E3360C2D98B7B0000444F5 /* Resources */,
			);
			buildRules = (
			);
			dependencies = (
				15E336102D98B7B0000444F5 /* PBXTargetDependency */,
			);
			name = ScaffoldUITests;
			productName = ScaffoldUITests;
			productReference = 15E3360E2D98B7B0000444F5 /* ScaffoldUITests.xctest */;
			productType = "com.apple.product-type.bundle.ui-testing";
		};
/* End PBXNativeTarget section */

/* Begin PBXProject section */
		15E335EC2D98B7AD000444F5 /* Project object */ = {
			isa = PBXProject;
			attributes = {
				BuildIndependentTargetsInParallel = 1;
				LastSwiftUpdateCheck = 1510;
				LastUpgradeCheck = 1510;
				TargetAttributes = {
					15E335F32D98B7AD000444F5 = {
						CreatedOnToolsVersion = 15.1;
					};
					15E336032D98B7B0000444F5 = {
						CreatedOnToolsVersion = 15.1;
						TestTargetID = 15E335F32D98B7AD000444F5;
					};
					15E3360D2D98B7B0000444F5 = {
						CreatedOnToolsVersion = 15.1;
						TestTargetID = 15E335F32D98B7AD000444F5;
					};
				};
			};
			buildConfigurationList = 15E335EF2D98B7AD000444F5 /* Build configuration list for PBXProject "Scaffold" */;
			compatibilityVersion = "Xcode 14.0";
			developmentRegion = en;
			hasScannedForEncodings = 0;
			knownRegions = (
				en,
				Base,
			);
			mainGroup = 15E335EB2D98B7AD000444F5;
			packageReferences = (
				156B40012D9C17CD005745E1 /* XCRemoteSwiftPackageReference "realm-swift" */,
			);
			productRefGroup = 15E335F52D98B7AD000444F5 /* Products */;
			projectDirPath = "";
			projectRoot = "";
			targets = (
				15E335F32D98B7AD000444F5 /* Scaffold */,
				15E336032D98B7B0000444F5 /* ScaffoldTests */,
				15E3360D2D98B7B0000444F5 /* ScaffoldUITests */,
			);
		};
/* End PBXProject section */

/* Begin PBXResourcesBuildPhase section */
		15E335F22D98B7AD000444F5 /* Resources */ = {
			isa = PBXResourcesBuildPhase;
			buildActionMask = 2147483647;
			files = (
				15E335FF2D98B7B0000444F5 /* Preview Assets.xcassets in Resources */,
				15E335FC2D98B7B0000444F5 /* Assets.xcassets in Resources */,
			);
			runOnlyForDeploymentPostprocessing = 0;
		};
		15E336022D98B7B0000444F5 /* Resources */ = {
			isa = PBXResourcesBuildPhase;
			buildActionMask = 2147483647;
			files = (
			);
			runOnlyForDeploymentPostprocessing = 0;
		};
		15E3360C2D98B7B0000444F5 /* Resources */ = {
			isa = PBXResourcesBuildPhase;
			buildActionMask = 2147483647;
			files = (
			);
			runOnlyForDeploymentPostprocessing = 0;
		};
/* End PBXResourcesBuildPhase section */

/* Begin PBXSourcesBuildPhase section */
		15E335F02D98B7AD000444F5 /* Sources */ = {
			isa = PBXSourcesBuildPhase;
			buildActionMask = 2147483647;
			files = (
				15E335FA2D98B7AD000444F5 /* ContentView.swift in Sources */,
				15E3362A2D98BA28000444F5 /* TimelineView.swift in Sources */,
				15F28AB32D9ADC2F00428ABB /* TimelineMath.swift in Sources */,
				15E336282D98BA1C000444F5 /* DayView.swift in Sources */,
				156B400A2D9C1963005745E1 /* BlockLike.swift in Sources */,
				15CD323A2D9B0EA900D26FE2 /* TaskObject.swift in Sources */,
				156B40082D9C194A005745E1 /* TaskLike.swift in Sources */,
				156B401A2D9C1DE7005745E1 /* DayViewModel.swift in Sources */,
				15E336252D98B8B0000444F5 /* BlockObject.swift in Sources */,
				156B40132D9C1BD7005745E1 /* DayLike.swift in Sources */,
				15E3362D2D98BA40000444F5 /* BlockView.swift in Sources */,
				15A034282D98D662000726BC /* BlockCreationView.swift in Sources */,
				156B40112D9C1AED005745E1 /* DataMapper.swift in Sources */,
				156B40172D9C1D7C005745E1 /* DayService.swift in Sources */,
				15E335F82D98B7AD000444F5 /* ScaffoldApp.swift in Sources */,
				15E336232D98B855000444F5 /* DayObject.swift in Sources */,
				156B40152D9C1BE2005745E1 /* Day.swift in Sources */,
				156B400E2D9C19AB005745E1 /* Block.swift in Sources */,
				156B400C2D9C1994005745E1 /* Task.swift in Sources */,
				15C5B2562D999705008FD95A /* BlockWrapper.swift in Sources */,
			);
			runOnlyForDeploymentPostprocessing = 0;
		};
		15E336002D98B7B0000444F5 /* Sources */ = {
			isa = PBXSourcesBuildPhase;
			buildActionMask = 2147483647;
			files = (
				15E336092D98B7B0000444F5 /* ScaffoldTests.swift in Sources */,
			);
			runOnlyForDeploymentPostprocessing = 0;
		};
		15E3360A2D98B7B0000444F5 /* Sources */ = {
			isa = PBXSourcesBuildPhase;
			buildActionMask = 2147483647;
			files = (
				15E336152D98B7B0000444F5 /* ScaffoldUITestsLaunchTests.swift in Sources */,
				15E336132D98B7B0000444F5 /* ScaffoldUITests.swift in Sources */,
			);
			runOnlyForDeploymentPostprocessing = 0;
		};
/* End PBXSourcesBuildPhase section */

/* Begin PBXTargetDependency section */
		15E336062D98B7B0000444F5 /* PBXTargetDependency */ = {
			isa = PBXTargetDependency;
			target = 15E335F32D98B7AD000444F5 /* Scaffold */;
			targetProxy = 15E336052D98B7B0000444F5 /* PBXContainerItemProxy */;
		};
		15E336102D98B7B0000444F5 /* PBXTargetDependency */ = {
			isa = PBXTargetDependency;
			target = 15E335F32D98B7AD000444F5 /* Scaffold */;
			targetProxy = 15E3360F2D98B7B0000444F5 /* PBXContainerItemProxy */;
		};
/* End PBXTargetDependency section */

/* Begin XCBuildConfiguration section */
		15E336162D98B7B0000444F5 /* Debug */ = {
			isa = XCBuildConfiguration;
			buildSettings = {
				ALWAYS_SEARCH_USER_PATHS = NO;
				ASSETCATALOG_COMPILER_GENERATE_SWIFT_ASSET_SYMBOL_EXTENSIONS = YES;
				CLANG_ANALYZER_NONNULL = YES;
				CLANG_ANALYZER_NUMBER_OBJECT_CONVERSION = YES_AGGRESSIVE;
				CLANG_CXX_LANGUAGE_STANDARD = "gnu++20";
				CLANG_ENABLE_MODULES = YES;
				CLANG_ENABLE_OBJC_ARC = YES;
				CLANG_ENABLE_OBJC_WEAK = YES;
				CLANG_WARN_BLOCK_CAPTURE_AUTORELEASING = YES;
				CLANG_WARN_BOOL_CONVERSION = YES;
				CLANG_WARN_COMMA = YES;
				CLANG_WARN_CONSTANT_CONVERSION = YES;
				CLANG_WARN_DEPRECATED_OBJC_IMPLEMENTATIONS = YES;
				CLANG_WARN_DIRECT_OBJC_ISA_USAGE = YES_ERROR;
				CLANG_WARN_DOCUMENTATION_COMMENTS = YES;
				CLANG_WARN_EMPTY_BODY = YES;
				CLANG_WARN_ENUM_CONVERSION = YES;
				CLANG_WARN_INFINITE_RECURSION = YES;
				CLANG_WARN_INT_CONVERSION = YES;
				CLANG_WARN_NON_LITERAL_NULL_CONVERSION = YES;
				CLANG_WARN_OBJC_IMPLICIT_RETAIN_SELF = YES;
				CLANG_WARN_OBJC_LITERAL_CONVERSION = YES;
				CLANG_WARN_OBJC_ROOT_CLASS = YES_ERROR;
				CLANG_WARN_QUOTED_INCLUDE_IN_FRAMEWORK_HEADER = YES;
				CLANG_WARN_RANGE_LOOP_ANALYSIS = YES;
				CLANG_WARN_STRICT_PROTOTYPES = YES;
				CLANG_WARN_SUSPICIOUS_MOVE = YES;
				CLANG_WARN_UNGUARDED_AVAILABILITY = YES_AGGRESSIVE;
				CLANG_WARN_UNREACHABLE_CODE = YES;
				CLANG_WARN__DUPLICATE_METHOD_MATCH = YES;
				COPY_PHASE_STRIP = NO;
				DEBUG_INFORMATION_FORMAT = dwarf;
				ENABLE_STRICT_OBJC_MSGSEND = YES;
				ENABLE_TESTABILITY = YES;
				ENABLE_USER_SCRIPT_SANDBOXING = YES;
				GCC_C_LANGUAGE_STANDARD = gnu17;
				GCC_DYNAMIC_NO_PIC = NO;
				GCC_NO_COMMON_BLOCKS = YES;
				GCC_OPTIMIZATION_LEVEL = 0;
				GCC_PREPROCESSOR_DEFINITIONS = (
					"DEBUG=1",
					"$(inherited)",
				);
				GCC_WARN_64_TO_32_BIT_CONVERSION = YES;
				GCC_WARN_ABOUT_RETURN_TYPE = YES_ERROR;
				GCC_WARN_UNDECLARED_SELECTOR = YES;
				GCC_WARN_UNINITIALIZED_AUTOS = YES_AGGRESSIVE;
				GCC_WARN_UNUSED_FUNCTION = YES;
				GCC_WARN_UNUSED_VARIABLE = YES;
				IPHONEOS_DEPLOYMENT_TARGET = 17.2;
				LOCALIZATION_PREFERS_STRING_CATALOGS = YES;
				MTL_ENABLE_DEBUG_INFO = INCLUDE_SOURCE;
				MTL_FAST_MATH = YES;
				ONLY_ACTIVE_ARCH = YES;
				SDKROOT = iphoneos;
				SWIFT_ACTIVE_COMPILATION_CONDITIONS = "DEBUG $(inherited)";
				SWIFT_OPTIMIZATION_LEVEL = "-Onone";
			};
			name = Debug;
		};
		15E336172D98B7B0000444F5 /* Release */ = {
			isa = XCBuildConfiguration;
			buildSettings = {
				ALWAYS_SEARCH_USER_PATHS = NO;
				ASSETCATALOG_COMPILER_GENERATE_SWIFT_ASSET_SYMBOL_EXTENSIONS = YES;
				CLANG_ANALYZER_NONNULL = YES;
				CLANG_ANALYZER_NUMBER_OBJECT_CONVERSION = YES_AGGRESSIVE;
				CLANG_CXX_LANGUAGE_STANDARD = "gnu++20";
				CLANG_ENABLE_MODULES = YES;
				CLANG_ENABLE_OBJC_ARC = YES;
				CLANG_ENABLE_OBJC_WEAK = YES;
				CLANG_WARN_BLOCK_CAPTURE_AUTORELEASING = YES;
				CLANG_WARN_BOOL_CONVERSION = YES;
				CLANG_WARN_COMMA = YES;
				CLANG_WARN_CONSTANT_CONVERSION = YES;
				CLANG_WARN_DEPRECATED_OBJC_IMPLEMENTATIONS = YES;
				CLANG_WARN_DIRECT_OBJC_ISA_USAGE = YES_ERROR;
				CLANG_WARN_DOCUMENTATION_COMMENTS = YES;
				CLANG_WARN_EMPTY_BODY = YES;
				CLANG_WARN_ENUM_CONVERSION = YES;
				CLANG_WARN_INFINITE_RECURSION = YES;
				CLANG_WARN_INT_CONVERSION = YES;
				CLANG_WARN_NON_LITERAL_NULL_CONVERSION = YES;
				CLANG_WARN_OBJC_IMPLICIT_RETAIN_SELF = YES;
				CLANG_WARN_OBJC_LITERAL_CONVERSION = YES;
				CLANG_WARN_OBJC_ROOT_CLASS = YES_ERROR;
				CLANG_WARN_QUOTED_INCLUDE_IN_FRAMEWORK_HEADER = YES;
				CLANG_WARN_RANGE_LOOP_ANALYSIS = YES;
				CLANG_WARN_STRICT_PROTOTYPES = YES;
				CLANG_WARN_SUSPICIOUS_MOVE = YES;
				CLANG_WARN_UNGUARDED_AVAILABILITY = YES_AGGRESSIVE;
				CLANG_WARN_UNREACHABLE_CODE = YES;
				CLANG_WARN__DUPLICATE_METHOD_MATCH = YES;
				COPY_PHASE_STRIP = NO;
				DEBUG_INFORMATION_FORMAT = "dwarf-with-dsym";
				ENABLE_NS_ASSERTIONS = NO;
				ENABLE_STRICT_OBJC_MSGSEND = YES;
				ENABLE_USER_SCRIPT_SANDBOXING = YES;
				GCC_C_LANGUAGE_STANDARD = gnu17;
				GCC_NO_COMMON_BLOCKS = YES;
				GCC_WARN_64_TO_32_BIT_CONVERSION = YES;
				GCC_WARN_ABOUT_RETURN_TYPE = YES_ERROR;
				GCC_WARN_UNDECLARED_SELECTOR = YES;
				GCC_WARN_UNINITIALIZED_AUTOS = YES_AGGRESSIVE;
				GCC_WARN_UNUSED_FUNCTION = YES;
				GCC_WARN_UNUSED_VARIABLE = YES;
				IPHONEOS_DEPLOYMENT_TARGET = 17.2;
				LOCALIZATION_PREFERS_STRING_CATALOGS = YES;
				MTL_ENABLE_DEBUG_INFO = NO;
				MTL_FAST_MATH = YES;
				SDKROOT = iphoneos;
				SWIFT_COMPILATION_MODE = wholemodule;
				VALIDATE_PRODUCT = YES;
			};
			name = Release;
		};
		15E336192D98B7B0000444F5 /* Debug */ = {
			isa = XCBuildConfiguration;
			buildSettings = {
				ASSETCATALOG_COMPILER_APPICON_NAME = AppIcon;
				ASSETCATALOG_COMPILER_GLOBAL_ACCENT_COLOR_NAME = AccentColor;
				CODE_SIGN_STYLE = Automatic;
				CURRENT_PROJECT_VERSION = 1;
				DEVELOPMENT_ASSET_PATHS = "\"Scaffold/Preview Content\"";
				DEVELOPMENT_TEAM = N88HH72T27;
				ENABLE_PREVIEWS = YES;
				GENERATE_INFOPLIST_FILE = YES;
				INFOPLIST_KEY_UIApplicationSceneManifest_Generation = YES;
				INFOPLIST_KEY_UIApplicationSupportsIndirectInputEvents = YES;
				INFOPLIST_KEY_UILaunchScreen_Generation = YES;
				INFOPLIST_KEY_UISupportedInterfaceOrientations_iPad = "UIInterfaceOrientationPortrait UIInterfaceOrientationPortraitUpsideDown UIInterfaceOrientationLandscapeLeft UIInterfaceOrientationLandscapeRight";
				INFOPLIST_KEY_UISupportedInterfaceOrientations_iPhone = "UIInterfaceOrientationPortrait UIInterfaceOrientationLandscapeLeft UIInterfaceOrientationLandscapeRight";
				LD_RUNPATH_SEARCH_PATHS = (
					"$(inherited)",
					"@executable_path/Frameworks",
				);
				MARKETING_VERSION = 1.0;
				PRODUCT_BUNDLE_IDENTIFIER = lopro.Scaffold;
				PRODUCT_NAME = "$(TARGET_NAME)";
				SWIFT_EMIT_LOC_STRINGS = YES;
				SWIFT_VERSION = 5.0;
				TARGETED_DEVICE_FAMILY = "1,2";
			};
			name = Debug;
		};
		15E3361A2D98B7B0000444F5 /* Release */ = {
			isa = XCBuildConfiguration;
			buildSettings = {
				ASSETCATALOG_COMPILER_APPICON_NAME = AppIcon;
				ASSETCATALOG_COMPILER_GLOBAL_ACCENT_COLOR_NAME = AccentColor;
				CODE_SIGN_STYLE = Automatic;
				CURRENT_PROJECT_VERSION = 1;
				DEVELOPMENT_ASSET_PATHS = "\"Scaffold/Preview Content\"";
				DEVELOPMENT_TEAM = N88HH72T27;
				ENABLE_PREVIEWS = YES;
				GENERATE_INFOPLIST_FILE = YES;
				INFOPLIST_KEY_UIApplicationSceneManifest_Generation = YES;
				INFOPLIST_KEY_UIApplicationSupportsIndirectInputEvents = YES;
				INFOPLIST_KEY_UILaunchScreen_Generation = YES;
				INFOPLIST_KEY_UISupportedInterfaceOrientations_iPad = "UIInterfaceOrientationPortrait UIInterfaceOrientationPortraitUpsideDown UIInterfaceOrientationLandscapeLeft UIInterfaceOrientationLandscapeRight";
				INFOPLIST_KEY_UISupportedInterfaceOrientations_iPhone = "UIInterfaceOrientationPortrait UIInterfaceOrientationLandscapeLeft UIInterfaceOrientationLandscapeRight";
				LD_RUNPATH_SEARCH_PATHS = (
					"$(inherited)",
					"@executable_path/Frameworks",
				);
				MARKETING_VERSION = 1.0;
				PRODUCT_BUNDLE_IDENTIFIER = lopro.Scaffold;
				PRODUCT_NAME = "$(TARGET_NAME)";
				SWIFT_EMIT_LOC_STRINGS = YES;
				SWIFT_VERSION = 5.0;
				TARGETED_DEVICE_FAMILY = "1,2";
			};
			name = Release;
		};
		15E3361C2D98B7B0000444F5 /* Debug */ = {
			isa = XCBuildConfiguration;
			buildSettings = {
				ALWAYS_EMBED_SWIFT_STANDARD_LIBRARIES = YES;
				BUNDLE_LOADER = "$(TEST_HOST)";
				CODE_SIGN_STYLE = Automatic;
				CURRENT_PROJECT_VERSION = 1;
				DEVELOPMENT_TEAM = N88HH72T27;
				GENERATE_INFOPLIST_FILE = YES;
				IPHONEOS_DEPLOYMENT_TARGET = 17.2;
				MARKETING_VERSION = 1.0;
				PRODUCT_BUNDLE_IDENTIFIER = lopro.ScaffoldTests;
				PRODUCT_NAME = "$(TARGET_NAME)";
				SWIFT_EMIT_LOC_STRINGS = NO;
				SWIFT_VERSION = 5.0;
				TARGETED_DEVICE_FAMILY = "1,2";
				TEST_HOST = "$(BUILT_PRODUCTS_DIR)/Scaffold.app/$(BUNDLE_EXECUTABLE_FOLDER_PATH)/Scaffold";
			};
			name = Debug;
		};
		15E3361D2D98B7B0000444F5 /* Release */ = {
			isa = XCBuildConfiguration;
			buildSettings = {
				ALWAYS_EMBED_SWIFT_STANDARD_LIBRARIES = YES;
				BUNDLE_LOADER = "$(TEST_HOST)";
				CODE_SIGN_STYLE = Automatic;
				CURRENT_PROJECT_VERSION = 1;
				DEVELOPMENT_TEAM = N88HH72T27;
				GENERATE_INFOPLIST_FILE = YES;
				IPHONEOS_DEPLOYMENT_TARGET = 17.2;
				MARKETING_VERSION = 1.0;
				PRODUCT_BUNDLE_IDENTIFIER = lopro.ScaffoldTests;
				PRODUCT_NAME = "$(TARGET_NAME)";
				SWIFT_EMIT_LOC_STRINGS = NO;
				SWIFT_VERSION = 5.0;
				TARGETED_DEVICE_FAMILY = "1,2";
				TEST_HOST = "$(BUILT_PRODUCTS_DIR)/Scaffold.app/$(BUNDLE_EXECUTABLE_FOLDER_PATH)/Scaffold";
			};
			name = Release;
		};
		15E3361F2D98B7B0000444F5 /* Debug */ = {
			isa = XCBuildConfiguration;
			buildSettings = {
				ALWAYS_EMBED_SWIFT_STANDARD_LIBRARIES = YES;
				CODE_SIGN_STYLE = Automatic;
				CURRENT_PROJECT_VERSION = 1;
				DEVELOPMENT_TEAM = N88HH72T27;
				GENERATE_INFOPLIST_FILE = YES;
				MARKETING_VERSION = 1.0;
				PRODUCT_BUNDLE_IDENTIFIER = lopro.ScaffoldUITests;
				PRODUCT_NAME = "$(TARGET_NAME)";
				SWIFT_EMIT_LOC_STRINGS = NO;
				SWIFT_VERSION = 5.0;
				TARGETED_DEVICE_FAMILY = "1,2";
				TEST_TARGET_NAME = Scaffold;
			};
			name = Debug;
		};
		15E336202D98B7B0000444F5 /* Release */ = {
			isa = XCBuildConfiguration;
			buildSettings = {
				ALWAYS_EMBED_SWIFT_STANDARD_LIBRARIES = YES;
				CODE_SIGN_STYLE = Automatic;
				CURRENT_PROJECT_VERSION = 1;
				DEVELOPMENT_TEAM = N88HH72T27;
				GENERATE_INFOPLIST_FILE = YES;
				MARKETING_VERSION = 1.0;
				PRODUCT_BUNDLE_IDENTIFIER = lopro.ScaffoldUITests;
				PRODUCT_NAME = "$(TARGET_NAME)";
				SWIFT_EMIT_LOC_STRINGS = NO;
				SWIFT_VERSION = 5.0;
				TARGETED_DEVICE_FAMILY = "1,2";
				TEST_TARGET_NAME = Scaffold;
			};
			name = Release;
		};
/* End XCBuildConfiguration section */

/* Begin XCConfigurationList section */
		15E335EF2D98B7AD000444F5 /* Build configuration list for PBXProject "Scaffold" */ = {
			isa = XCConfigurationList;
			buildConfigurations = (
				15E336162D98B7B0000444F5 /* Debug */,
				15E336172D98B7B0000444F5 /* Release */,
			);
			defaultConfigurationIsVisible = 0;
			defaultConfigurationName = Release;
		};
		15E336182D98B7B0000444F5 /* Build configuration list for PBXNativeTarget "Scaffold" */ = {
			isa = XCConfigurationList;
			buildConfigurations = (
				15E336192D98B7B0000444F5 /* Debug */,
				15E3361A2D98B7B0000444F5 /* Release */,
			);
			defaultConfigurationIsVisible = 0;
			defaultConfigurationName = Release;
		};
		15E3361B2D98B7B0000444F5 /* Build configuration list for PBXNativeTarget "ScaffoldTests" */ = {
			isa = XCConfigurationList;
			buildConfigurations = (
				15E3361C2D98B7B0000444F5 /* Debug */,
				15E3361D2D98B7B0000444F5 /* Release */,
			);
			defaultConfigurationIsVisible = 0;
			defaultConfigurationName = Release;
		};
		15E3361E2D98B7B0000444F5 /* Build configuration list for PBXNativeTarget "ScaffoldUITests" */ = {
			isa = XCConfigurationList;
			buildConfigurations = (
				15E3361F2D98B7B0000444F5 /* Debug */,
				15E336202D98B7B0000444F5 /* Release */,
			);
			defaultConfigurationIsVisible = 0;
			defaultConfigurationName = Release;
		};
/* End XCConfigurationList section */

/* Begin XCRemoteSwiftPackageReference section */
		156B40012D9C17CD005745E1 /* XCRemoteSwiftPackageReference "realm-swift" */ = {
			isa = XCRemoteSwiftPackageReference;
			repositoryURL = "https://github.com/realm/realm-swift.git";
			requirement = {
				kind = exactVersion;
				version = 10.43.0;
			};
		};
/* End XCRemoteSwiftPackageReference section */

/* Begin XCSwiftPackageProductDependency section */
		156B40022D9C17CD005745E1 /* Realm */ = {
			isa = XCSwiftPackageProductDependency;
			package = 156B40012D9C17CD005745E1 /* XCRemoteSwiftPackageReference "realm-swift" */;
			productName = Realm;
		};
		156B40042D9C17CD005745E1 /* RealmSwift */ = {
			isa = XCSwiftPackageProductDependency;
			package = 156B40012D9C17CD005745E1 /* XCRemoteSwiftPackageReference "realm-swift" */;
			productName = RealmSwift;
		};
/* End XCSwiftPackageProductDependency section */
	};
	rootObject = 15E335EC2D98B7AD000444F5 /* Project object */;
}
